
Microsoft Visual Studio Solution File, Format Version 12.00
# Visual Studio 2012
Project("{262852C6-CD72-467D-83FE-5EEB1973A190}") = "BMUK_Directory_WinJS", "BMUK_Directory\BMUK_Directory_WinJS.jsproj", "{7CF3CF8B-0CBB-4BC9-BC65-30BD579D4AC6}"
EndProject
Project("{FAE04EC0-301F-11D3-BF4B-00C04F79EFBC}") = "BMUK_API", "BMUK_API\BMUK_API.csproj", "{21BC0866-EF25-4C15-814D-247C0C8E4C14}"
EndProject
Global
	GlobalSection(SolutionConfigurationPlatforms) = preSolution
		Debug|Any CPU = Debug|Any CPU
		Debug|ARM = Debug|ARM
		Debug|x64 = Debug|x64
		Debug|x86 = Debug|x86
		Release|Any CPU = Release|Any CPU
		Release|ARM = Release|ARM
		Release|x64 = Release|x64
		Release|x86 = Release|x86
	EndGlobalSection
	GlobalSection(ProjectConfigurationPlatforms) = postSolution
		{7CF3CF8B-0CBB-4BC9-BC65-30BD579D4AC6}.Debug|Any CPU.ActiveCfg = Debug|Any CPU
		{7CF3CF8B-0CBB-4BC9-BC65-30BD579D4AC6}.Debug|Any CPU.Build.0 = Debug|Any CPU
		{7CF3CF8B-0CBB-4BC9-BC65-30BD579D4AC6}.Debug|Any CPU.Deploy.0 = Debug|Any CPU
		{7CF3CF8B-0CBB-4BC9-BC65-30BD579D4AC6}.Debug|ARM.ActiveCfg = Debug|ARM
		{7CF3CF8B-0CBB-4BC9-BC65-30BD579D4AC6}.Debug|ARM.Build.0 = Debug|ARM
		{7CF3CF8B-0CBB-4BC9-BC65-30BD579D4AC6}.Debug|ARM.Deploy.0 = Debug|ARM
		{7CF3CF8B-0CBB-4BC9-BC65-30BD579D4AC6}.Debug|x64.ActiveCfg = Debug|x64
		{7CF3CF8B-0CBB-4BC9-BC65-30BD579D4AC6}.Debug|x64.Build.0 = Debug|x64
		{7CF3CF8B-0CBB-4BC9-BC65-30BD579D4AC6}.Debug|x64.Deploy.0 = Debug|x64
		{7CF3CF8B-0CBB-4BC9-BC65-30BD579D4AC6}.Debug|x86.ActiveCfg = Debug|x86
		{7CF3CF8B-0CBB-4BC9-BC65-30BD579D4AC6}.Debug|x86.Build.0 = Debug|x86
		{7CF3CF8B-0CBB-4BC9-BC65-30BD579D4AC6}.Debug|x86.Deploy.0 = Debug|x86
		{7CF3CF8B-0CBB-4BC9-BC65-30BD579D4AC6}.Release|Any CPU.ActiveCfg = Release|Any CPU
		{7CF3CF8B-0CBB-4BC9-BC65-30BD579D4AC6}.Release|Any CPU.Build.0 = Release|Any CPU
		{7CF3CF8B-0CBB-4BC9-BC65-30BD579D4AC6}.Release|Any CPU.Deploy.0 = Release|Any CPU
		{7CF3CF8B-0CBB-4BC9-BC65-30BD579D4AC6}.Release|ARM.ActiveCfg = Release|ARM
		{7CF3CF8B-0CBB-4BC9-BC65-30BD579D4AC6}.Release|ARM.Build.0 = Release|ARM
		{7CF3CF8B-0CBB-4BC9-BC65-30BD579D4AC6}.Release|ARM.Deploy.0 = Release|ARM
		{7CF3CF8B-0CBB-4BC9-BC65-30BD579D4AC6}.Release|x64.ActiveCfg = Release|x64
		{7CF3CF8B-0CBB-4BC9-BC65-30BD579D4AC6}.Release|x64.Build.0 = Release|x64
		{7CF3CF8B-0CBB-4BC9-BC65-30BD579D4AC6}.Release|x64.Deploy.0 = Release|x64
		{7CF3CF8B-0CBB-4BC9-BC65-30BD579D4AC6}.Release|x86.ActiveCfg = Release|x86
		{7CF3CF8B-0CBB-4BC9-BC65-30BD579D4AC6}.Release|x86.Build.0 = Release|x86
		{7CF3CF8B-0CBB-4BC9-BC65-30BD579D4AC6}.Release|x86.Deploy.0 = Release|x86
		{21BC0866-EF25-4C15-814D-247C0C8E4C14}.Debug|Any CPU.ActiveCfg = Debug|Any CPU
		{21BC0866-EF25-4C15-814D-247C0C8E4C14}.Debug|Any CPU.Build.0 = Debug|Any CPU
		{21BC0866-EF25-4C15-814D-247C0C8E4C14}.Debug|ARM.ActiveCfg = Debug|Any CPU
		{21BC0866-EF25-4C15-814D-247C0C8E4C14}.Debug|x64.ActiveCfg = Debug|Any CPU
		{21BC0866-EF25-4C15-814D-247C0C8E4C14}.Debug|x86.ActiveCfg = Debug|Any CPU
		{21BC0866-EF25-4C15-814D-247C0C8E4C14}.Release|Any CPU.ActiveCfg = Release|Any CPU
		{21BC0866-EF25-4C15-814D-247C0C8E4C14}.Release|Any CPU.Build.0 = Release|Any CPU
		{21BC0866-EF25-4C15-814D-247C0C8E4C14}.Release|ARM.ActiveCfg = Release|Any CPU
		{21BC0866-EF25-4C15-814D-247C0C8E4C14}.Release|x64.ActiveCfg = Release|Any CPU
		{21BC0866-EF25-4C15-814D-247C0C8E4C14}.Release|x86.ActiveCfg = Release|Any CPU
	EndGlobalSection
	GlobalSection(SolutionProperties) = preSolution
		HideSolutionNode = FALSE
	EndGlobalSection
EndGlobal
